// !$*UTF8*$!
{
	archiveVersion = 1;
	classes = {
	};
	objectVersion = 48;
	objects = {

/* Begin PBXBuildFile section */
		B9AE894C202AEB0000D3D6C4 /* LeagueVC.swift in Sources */ = {isa = PBXBuildFile; fileRef = B9AE894B202AEB0000D3D6C4 /* LeagueVC.swift */; };
		B9AE894E202AEB2A00D3D6C4 /* SkillVC.swift in Sources */ = {isa = PBXBuildFile; fileRef = B9AE894D202AEB2A00D3D6C4 /* SkillVC.swift */; };
		B9C19898202970DB006F0162 /* AppDelegate.swift in Sources */ = {isa = PBXBuildFile; fileRef = B9C19897202970DB006F0162 /* AppDelegate.swift */; };
		B9C1989A202970DB006F0162 /* WelcomeVC.swift in Sources */ = {isa = PBXBuildFile; fileRef = B9C19899202970DB006F0162 /* WelcomeVC.swift */; };
		B9C1989D202970DB006F0162 /* Main.storyboard in Resources */ = {isa = PBXBuildFile; fileRef = B9C1989B202970DB006F0162 /* Main.storyboard */; };
		B9C1989F202970DB006F0162 /* Assets.xcassets in Resources */ = {isa = PBXBuildFile; fileRef = B9C1989E202970DB006F0162 /* Assets.xcassets */; };
		B9C198A2202970DB006F0162 /* LaunchScreen.storyboard in Resources */ = {isa = PBXBuildFile; fileRef = B9C198A0202970DB006F0162 /* LaunchScreen.storyboard */; };
		B9C198AB2029793A006F0162 /* BorderButton.swift in Sources */ = {isa = PBXBuildFile; fileRef = B9C198AA2029793A006F0162 /* BorderButton.swift */; };
/* End PBXBuildFile section */

/* Begin PBXFileReference section */
		B9AE894B202AEB0000D3D6C4 /* LeagueVC.swift */ = {isa = PBXFileReference; lastKnownFileType = sourcecode.swift; path = LeagueVC.swift; sourceTree = "<group>"; };
		B9AE894D202AEB2A00D3D6C4 /* SkillVC.swift */ = {isa = PBXFileReference; lastKnownFileType = sourcecode.swift; path = SkillVC.swift; sourceTree = "<group>"; };
		B9C19894202970DB006F0162 /* App Swoosh.app */ = {isa = PBXFileReference; explicitFileType = wrapper.application; includeInIndex = 0; path = "App Swoosh.app"; sourceTree = BUILT_PRODUCTS_DIR; };
		B9C19897202970DB006F0162 /* AppDelegate.swift */ = {isa = PBXFileReference; lastKnownFileType = sourcecode.swift; path = AppDelegate.swift; sourceTree = "<group>"; };
		B9C19899202970DB006F0162 /* WelcomeVC.swift */ = {isa = PBXFileReference; lastKnownFileType = sourcecode.swift; path = WelcomeVC.swift; sourceTree = "<group>"; };
		B9C1989C202970DB006F0162 /* Base */ = {isa = PBXFileReference; lastKnownFileType = file.storyboard; name = Base; path = Base.lproj/Main.storyboard; sourceTree = "<group>"; };
		B9C1989E202970DB006F0162 /* Assets.xcassets */ = {isa = PBXFileReference; lastKnownFileType = folder.assetcatalog; path = Assets.xcassets; sourceTree = "<group>"; };
		B9C198A1202970DB006F0162 /* Base */ = {isa = PBXFileReference; lastKnownFileType = file.storyboard; name = Base; path = Base.lproj/LaunchScreen.storyboard; sourceTree = "<group>"; };
		B9C198A3202970DB006F0162 /* Info.plist */ = {isa = PBXFileReference; lastKnownFileType = text.plist.xml; path = Info.plist; sourceTree = "<group>"; };
		B9C198AA2029793A006F0162 /* BorderButton.swift */ = {isa = PBXFileReference; lastKnownFileType = sourcecode.swift; path = BorderButton.swift; sourceTree = "<group>"; };
/* End PBXFileReference section */

/* Begin PBXFrameworksBuildPhase section */
		B9C19891202970DB006F0162 /* Frameworks */ = {
			isa = PBXFrameworksBuildPhase;
			buildActionMask = 2147483647;
			files = (
			);
			runOnlyForDeploymentPostprocessing = 0;
		};
/* End PBXFrameworksBuildPhase section */

/* Begin PBXGroup section */
		B9AE8949202AEA0900D3D6C4 /* Model */ = {
			isa = PBXGroup;
			children = (
			);
			path = Model;
			sourceTree = "<group>";
		};
		B9AE894A202AEA1000D3D6C4 /* Controller */ = {
			isa = PBXGroup;
			children = (
				B9C19899202970DB006F0162 /* WelcomeVC.swift */,
				B9AE894B202AEB0000D3D6C4 /* LeagueVC.swift */,
				B9AE894D202AEB2A00D3D6C4 /* SkillVC.swift */,
			);
			path = Controller;
			sourceTree = "<group>";
		};
		B9C1988B202970DB006F0162 = {
			isa = PBXGroup;
			children = (
				B9C19896202970DB006F0162 /* App Swoosh */,
				B9C19895202970DB006F0162 /* Products */,
			);
			sourceTree = "<group>";
		};
		B9C19895202970DB006F0162 /* Products */ = {
			isa = PBXGroup;
			children = (
				B9C19894202970DB006F0162 /* App Swoosh.app */,
			);
			name = Products;
			sourceTree = "<group>";
		};
		B9C19896202970DB006F0162 /* App Swoosh */ = {
			isa = PBXGroup;
			children = (
				B9AE894A202AEA1000D3D6C4 /* Controller */,
				B9AE8949202AEA0900D3D6C4 /* Model */,
				B9C198A92029791C006F0162 /* View */,
				B9C19897202970DB006F0162 /* AppDelegate.swift */,
				B9C1989B202970DB006F0162 /* Main.storyboard */,
				B9C1989E202970DB006F0162 /* Assets.xcassets */,
				B9C198A0202970DB006F0162 /* LaunchScreen.storyboard */,
				B9C198A3202970DB006F0162 /* Info.plist */,
			);
			path = "App Swoosh";
			sourceTree = "<group>";
		};
		B9C198A92029791C006F0162 /* View */ = {
			isa = PBXGroup;
			children = (
				B9C198AA2029793A006F0162 /* BorderButton.swift */,
			);
			path = View;
			sourceTree = "<group>";
		};
/* End PBXGroup section */

/* Begin PBXNativeTarget section */
		B9C19893202970DB006F0162 /* App Swoosh */ = {
			isa = PBXNativeTarget;
			buildConfigurationList = B9C198A6202970DB006F0162 /* Build configuration list for PBXNativeTarget "App Swoosh" */;
			buildPhases = (
				B9C19890202970DB006F0162 /* Sources */,
				B9C19891202970DB006F0162 /* Frameworks */,
				B9C19892202970DB006F0162 /* Resources */,
			);
			buildRules = (
			);
			dependencies = (
			);
			name = "App Swoosh";
			productName = "App Swoosh";
			productReference = B9C19894202970DB006F0162 /* App Swoosh.app */;
			productType = "com.apple.product-type.application";
		};
/* End PBXNativeTarget section */

/* Begin PBXProject section */
		B9C1988C202970DB006F0162 /* Project object */ = {
			isa = PBXProject;
			attributes = {
				LastSwiftUpdateCheck = 0920;
				LastUpgradeCheck = 0920;
				ORGANIZATIONNAME = Kj;
				TargetAttributes = {
					B9C19893202970DB006F0162 = {
						CreatedOnToolsVersion = 9.2;
						ProvisioningStyle = Automatic;
					};
				};
			};
			buildConfigurationList = B9C1988F202970DB006F0162 /* Build configuration list for PBXProject "App Swoosh" */;
			compatibilityVersion = "Xcode 8.0";
			developmentRegion = en;
			hasScannedForEncodings = 0;
			knownRegions = (
				en,
				Base,
			);
			mainGroup = B9C1988B202970DB006F0162;
			productRefGroup = B9C19895202970DB006F0162 /* Products */;
			projectDirPath = "";
			projectRoot = "";
			targets = (
				B9C19893202970DB006F0162 /* App Swoosh */,
			);
		};
/* End PBXProject section */

/* Begin PBXResourcesBuildPhase section */
		B9C19892202970DB006F0162 /* Resources */ = {
			isa = PBXResourcesBuildPhase;
			buildActionMask = 2147483647;
			files = (
				B9C198A2202970DB006F0162 /* LaunchScreen.storyboard in Resources */,
				B9C1989F202970DB006F0162 /* Assets.xcassets in Resources */,
				B9C1989D202970DB006F0162 /* Main.storyboard in Resources */,
			);
			runOnlyForDeploymentPostprocessing = 0;
		};
/* End PBXResourcesBuildPhase section */

/* Begin PBXSourcesBuildPhase section */
		B9C19890202970DB006F0162 /* Sources */ = {
			isa = PBXSourcesBuildPhase;
			buildActionMask = 2147483647;
			files = (
				B9C1989A202970DB006F0162 /* WelcomeVC.swift in Sources */,
				B9C19898202970DB006F0162 /* AppDelegate.swift in Sources */,
				B9AE894C202AEB0000D3D6C4 /* LeagueVC.swift in Sources */,
				B9AE894E202AEB2A00D3D6C4 /* SkillVC.swift in Sources */,
				B9C198AB2029793A006F0162 /* BorderButton.swift in Sources */,
			);
			runOnlyForDeploymentPostprocessing = 0;
		};
/* End PBXSourcesBuildPhase section */

/* Begin PBXVariantGroup section */
		B9C1989B202970DB006F0162 /* Main.storyboard */ = {
			isa = PBXVariantGroup;
			children = (
				B9C1989C202970DB006F0162 /* Base */,
			);
			name = Main.storyboard;
			sourceTree = "<group>";
		};
		B9C198A0202970DB006F0162 /* LaunchScreen.storyboard */ = {
			isa = PBXVariantGroup;
			children = (
				B9C198A1202970DB006F0162 /* Base */,
			);
			name = LaunchScreen.storyboard;
			sourceTree = "<group>";
		};
/* End PBXVariantGroup section */

/* Begin XCBuildConfiguration section */
		B9C198A4202970DB006F0162 /* Debug */ = {
			isa = XCBuildConfiguration;
			buildSettings = {
				ALWAYS_SEARCH_USER_PATHS = NO;
				CLANG_ANALYZER_NONNULL = YES;
				CLANG_ANALYZER_NUMBER_OBJECT_CONVERSION = YES_AGGRESSIVE;
				CLANG_CXX_LANGUAGE_STANDARD = "gnu++14";
				CLANG_CXX_LIBRARY = "libc++";
				CLANG_ENABLE_MODULES = YES;
				CLANG_ENABLE_OBJC_ARC = YES;
				CLANG_WARN_BLOCK_CAPTURE_AUTORELEASING = YES;
				CLANG_WARN_BOOL_CONVERSION = YES;
				CLANG_WARN_COMMA = YES;
				CLANG_WARN_CONSTANT_CONVERSION = YES;
				CLANG_WARN_DIRECT_OBJC_ISA_USAGE = YES_ERROR;
				CLANG_WARN_DOCUMENTATION_COMMENTS = YES;
				CLANG_WARN_EMPTY_BODY = YES;
				CLANG_WARN_ENUM_CONVERSION = YES;
				CLANG_WARN_INFINITE_RECURSION = YES;
				CLANG_WARN_INT_CONVERSION = YES;
				CLANG_WARN_NON_LITERAL_NULL_CONVERSION = YES;
				CLANG_WARN_OBJC_LITERAL_CONVERSION = YES;
				CLANG_WARN_OBJC_ROOT_CLASS = YES_ERROR;
				CLANG_WARN_RANGE_LOOP_ANALYSIS = YES;
				CLANG_WARN_STRICT_PROTOTYPES = YES;
				CLANG_WARN_SUSPICIOUS_MOVE = YES;
				CLANG_WARN_UNGUARDED_AVAILABILITY = YES_AGGRESSIVE;
				CLANG_WARN_UNREACHABLE_CODE = YES;
				CLANG_WARN__DUPLICATE_METHOD_MATCH = YES;
				CODE_SIGN_IDENTITY = "iPhone Developer";
				COPY_PHASE_STRIP = NO;
				DEBUG_INFORMATION_FORMAT = dwarf;
				ENABLE_STRICT_OBJC_MSGSEND = YES;
				ENABLE_TESTABILITY = YES;
				GCC_C_LANGUAGE_STANDARD = gnu11;
				GCC_DYNAMIC_NO_PIC = NO;
				GCC_NO_COMMON_BLOCKS = YES;
				GCC_OPTIMIZATION_LEVEL = 0;
				GCC_PREPROCESSOR_DEFINITIONS = (
					"DEBUG=1",
					"$(inherited)",
				);
				GCC_WARN_64_TO_32_BIT_CONVERSION = YES;
				GCC_WARN_ABOUT_RETURN_TYPE = YES_ERROR;
				GCC_WARN_UNDECLARED_SELECTOR = YES;
				GCC_WARN_UNINITIALIZED_AUTOS = YES_AGGRESSIVE;
				GCC_WARN_UNUSED_FUNCTION = YES;
				GCC_WARN_UNUSED_VARIABLE = YES;
				IPHONEOS_DEPLOYMENT_TARGET = 11.2;
				MTL_ENABLE_DEBUG_INFO = YES;
				ONLY_ACTIVE_ARCH = YES;
				SDKROOT = iphoneos;
				SWIFT_ACTIVE_COMPILATION_CONDITIONS = DEBUG;
				SWIFT_OPTIMIZATION_LEVEL = "-Onone";
			};
			name = Debug;
		};
		B9C198A5202970DB006F0162 /* Release */ = {
			isa = XCBuildConfiguration;
			buildSettings = {
				ALWAYS_SEARCH_USER_PATHS = NO;
				CLANG_ANALYZER_NONNULL = YES;
				CLANG_ANALYZER_NUMBER_OBJECT_CONVERSION = YES_AGGRESSIVE;
				CLANG_CXX_LANGUAGE_STANDARD = "gnu++14";
				CLANG_CXX_LIBRARY = "libc++";
				CLANG_ENABLE_MODULES = YES;
				CLANG_ENABLE_OBJC_ARC = YES;
				CLANG_WARN_BLOCK_CAPTURE_AUTORELEASING = YES;
				CLANG_WARN_BOOL_CONVERSION = YES;
				CLANG_WARN_COMMA = YES;
				CLANG_WARN_CONSTANT_CONVERSION = YES;
				CLANG_WARN_DIRECT_OBJC_ISA_USAGE = YES_ERROR;
				CLANG_WARN_DOCUMENTATION_COMMENTS = YES;
				CLANG_WARN_EMPTY_BODY = YES;
				CLANG_WARN_ENUM_CONVERSION = YES;
				CLANG_WARN_INFINITE_RECURSION = YES;
				CLANG_WARN_INT_CONVERSION = YES;
				CLANG_WARN_NON_LITERAL_NULL_CONVERSION = YES;
				CLANG_WARN_OBJC_LITERAL_CONVERSION = YES;
				CLANG_WARN_OBJC_ROOT_CLASS = YES_ERROR;
				CLANG_WARN_RANGE_LOOP_ANALYSIS = YES;
				CLANG_WARN_STRICT_PROTOTYPES = YES;
				CLANG_WARN_SUSPICIOUS_MOVE = YES;
				CLANG_WARN_UNGUARDED_AVAILABILITY = YES_AGGRESSIVE;
				CLANG_WARN_UNREACHABLE_CODE = YES;
				CLANG_WARN__DUPLICATE_METHOD_MATCH = YES;
				CODE_SIGN_IDENTITY = "iPhone Developer";
				COPY_PHASE_STRIP = NO;
				DEBUG_INFORMATION_FORMAT = "dwarf-with-dsym";
				ENABLE_NS_ASSERTIONS = NO;
				ENABLE_STRICT_OBJC_MSGSEND = YES;
				GCC_C_LANGUAGE_STANDARD = gnu11;
				GCC_NO_COMMON_BLOCKS = YES;
				GCC_WARN_64_TO_32_BIT_CONVERSION = YES;
				GCC_WARN_ABOUT_RETURN_TYPE = YES_ERROR;
				GCC_WARN_UNDECLARED_SELECTOR = YES;
				GCC_WARN_UNINITIALIZED_AUTOS = YES_AGGRESSIVE;
				GCC_WARN_UNUSED_FUNCTION = YES;
				GCC_WARN_UNUSED_VARIABLE = YES;
				IPHONEOS_DEPLOYMENT_TARGET = 11.2;
				MTL_ENABLE_DEBUG_INFO = NO;
				SDKROOT = iphoneos;
				SWIFT_OPTIMIZATION_LEVEL = "-Owholemodule";
				VALIDATE_PRODUCT = YES;
			};
			name = Release;
		};
		B9C198A7202970DB006F0162 /* Debug */ = {
			isa = XCBuildConfiguration;
			buildSettings = {
				ASSETCATALOG_COMPILER_APPICON_NAME = AppIcon;
				CODE_SIGN_STYLE = Automatic;
				DEVELOPMENT_TEAM = 46UK9XQ47H;
				INFOPLIST_FILE = "App Swoosh/Info.plist";
				LD_RUNPATH_SEARCH_PATHS = "$(inherited) @executable_path/Frameworks";
				PRODUCT_BUNDLE_IDENTIFIER = "com.kj.App-Swoosh";
				PRODUCT_NAME = "$(TARGET_NAME)";
				SWIFT_VERSION = 4.0;
				TARGETED_DEVICE_FAMILY = 1;
			};
			name = Debug;
		};
		B9C198A8202970DB006F0162 /* Release */ = {
			isa = XCBuildConfiguration;
			buildSettings = {
				ASSETCATALOG_COMPILER_APPICON_NAME = AppIcon;
				CODE_SIGN_STYLE = Automatic;
				DEVELOPMENT_TEAM = 46UK9XQ47H;
				INFOPLIST_FILE = "App Swoosh/Info.plist";
				LD_RUNPATH_SEARCH_PATHS = "$(inherited) @executable_path/Frameworks";
				PRODUCT_BUNDLE_IDENTIFIER = "com.kj.App-Swoosh";
				PRODUCT_NAME = "$(TARGET_NAME)";
				SWIFT_VERSION = 4.0;
				TARGETED_DEVICE_FAMILY = 1;
			};
			name = Release;
		};
/* End XCBuildConfiguration section */

/* Begin XCConfigurationList section */
		B9C1988F202970DB006F0162 /* Build configuration list for PBXProject "App Swoosh" */ = {
			isa = XCConfigurationList;
			buildConfigurations = (
				B9C198A4202970DB006F0162 /* Debug */,
				B9C198A5202970DB006F0162 /* Release */,
			);
			defaultConfigurationIsVisible = 0;
			defaultConfigurationName = Release;
		};
		B9C198A6202970DB006F0162 /* Build configuration list for PBXNativeTarget "App Swoosh" */ = {
			isa = XCConfigurationList;
			buildConfigurations = (
				B9C198A7202970DB006F0162 /* Debug */,
				B9C198A8202970DB006F0162 /* Release */,
			);
			defaultConfigurationIsVisible = 0;
			defaultConfigurationName = Release;
		};
/* End XCConfigurationList section */
	};
	rootObject = B9C1988C202970DB006F0162 /* Project object */;
}
